// !$*UTF8*$!
{
	archiveVersion = 1;
	classes = {
	};
	objectVersion = 50;
	objects = {

/* Begin PBXBuildFile section */
		3417756521386F7B00B3BF05 /* AppDelegate.swift in Sources */ = {isa = PBXBuildFile; fileRef = 3417756421386F7B00B3BF05 /* AppDelegate.swift */; };
		3417756A21386F7B00B3BF05 /* Main.storyboard in Resources */ = {isa = PBXBuildFile; fileRef = 3417756821386F7B00B3BF05 /* Main.storyboard */; };
		3417756C21386F7C00B3BF05 /* Assets.xcassets in Resources */ = {isa = PBXBuildFile; fileRef = 3417756B21386F7C00B3BF05 /* Assets.xcassets */; };
		3417756F21386F7C00B3BF05 /* LaunchScreen.storyboard in Resources */ = {isa = PBXBuildFile; fileRef = 3417756D21386F7C00B3BF05 /* LaunchScreen.storyboard */; };
		341775772138701100B3BF05 /* Vote.swift in Sources */ = {isa = PBXBuildFile; fileRef = 341775762138701100B3BF05 /* Vote.swift */; };
		341775792138704B00B3BF05 /* VoteController.swift in Sources */ = {isa = PBXBuildFile; fileRef = 341775782138704B00B3BF05 /* VoteController.swift */; };
		3417757B213870F600B3BF05 /* Voting.storyboard in Resources */ = {isa = PBXBuildFile; fileRef = 3417757A213870F600B3BF05 /* Voting.storyboard */; };
		3417757D2138729700B3BF05 /* VotingViewController.swift in Sources */ = {isa = PBXBuildFile; fileRef = 3417757C2138729700B3BF05 /* VotingViewController.swift */; };
		3417757F2138731400B3BF05 /* Results.storyboard in Resources */ = {isa = PBXBuildFile; fileRef = 3417757E2138731400B3BF05 /* Results.storyboard */; };
		34177585213873DB00B3BF05 /* Combined.storyboard in Resources */ = {isa = PBXBuildFile; fileRef = 34177584213873DB00B3BF05 /* Combined.storyboard */; };
		3417758D2138851800B3BF05 /* VoteControllerProtocol.swift in Sources */ = {isa = PBXBuildFile; fileRef = 3417758C2138851800B3BF05 /* VoteControllerProtocol.swift */; };
		341996DD21388703008B3EA4 /* PollingTabBarController.swift in Sources */ = {isa = PBXBuildFile; fileRef = 341996DA21388703008B3EA4 /* PollingTabBarController.swift */; };
		341996DE21388703008B3EA4 /* CombinedViewController.swift in Sources */ = {isa = PBXBuildFile; fileRef = 341996DB21388703008B3EA4 /* CombinedViewController.swift */; };
		341996DF21388703008B3EA4 /* ResultsTableViewController.swift in Sources */ = {isa = PBXBuildFile; fileRef = 341996DC21388703008B3EA4 /* ResultsTableViewController.swift */; };
/* End PBXBuildFile section */

/* Begin PBXFileReference section */
		3417756121386F7B00B3BF05 /* Poll.app */ = {isa = PBXFileReference; explicitFileType = wrapper.application; includeInIndex = 0; path = Poll.app; sourceTree = BUILT_PRODUCTS_DIR; };
		3417756421386F7B00B3BF05 /* AppDelegate.swift */ = {isa = PBXFileReference; lastKnownFileType = sourcecode.swift; path = AppDelegate.swift; sourceTree = "<group>"; };
		3417756921386F7B00B3BF05 /* Base */ = {isa = PBXFileReference; lastKnownFileType = file.storyboard; name = Base; path = Base.lproj/Main.storyboard; sourceTree = "<group>"; };
		3417756B21386F7C00B3BF05 /* Assets.xcassets */ = {isa = PBXFileReference; lastKnownFileType = folder.assetcatalog; path = Assets.xcassets; sourceTree = "<group>"; };
		3417756E21386F7C00B3BF05 /* Base */ = {isa = PBXFileReference; lastKnownFileType = file.storyboard; name = Base; path = Base.lproj/LaunchScreen.storyboard; sourceTree = "<group>"; };
		3417757021386F7C00B3BF05 /* Info.plist */ = {isa = PBXFileReference; lastKnownFileType = text.plist.xml; path = Info.plist; sourceTree = "<group>"; };
		341775762138701100B3BF05 /* Vote.swift */ = {isa = PBXFileReference; lastKnownFileType = sourcecode.swift; path = Vote.swift; sourceTree = "<group>"; };
		341775782138704B00B3BF05 /* VoteController.swift */ = {isa = PBXFileReference; lastKnownFileType = sourcecode.swift; path = VoteController.swift; sourceTree = "<group>"; };
		3417757A213870F600B3BF05 /* Voting.storyboard */ = {isa = PBXFileReference; lastKnownFileType = file.storyboard; path = Voting.storyboard; sourceTree = "<group>"; };
		3417757C2138729700B3BF05 /* VotingViewController.swift */ = {isa = PBXFileReference; lastKnownFileType = sourcecode.swift; path = VotingViewController.swift; sourceTree = "<group>"; };
		3417757E2138731400B3BF05 /* Results.storyboard */ = {isa = PBXFileReference; lastKnownFileType = file.storyboard; path = Results.storyboard; sourceTree = "<group>"; };
		34177584213873DB00B3BF05 /* Combined.storyboard */ = {isa = PBXFileReference; lastKnownFileType = file.storyboard; path = Combined.storyboard; sourceTree = "<group>"; };
		3417758C2138851800B3BF05 /* VoteControllerProtocol.swift */ = {isa = PBXFileReference; lastKnownFileType = sourcecode.swift; path = VoteControllerProtocol.swift; sourceTree = "<group>"; };
		341996DA21388703008B3EA4 /* PollingTabBarController.swift */ = {isa = PBXFileReference; fileEncoding = 4; lastKnownFileType = sourcecode.swift; path = PollingTabBarController.swift; sourceTree = "<group>"; };
		341996DB21388703008B3EA4 /* CombinedViewController.swift */ = {isa = PBXFileReference; fileEncoding = 4; lastKnownFileType = sourcecode.swift; path = CombinedViewController.swift; sourceTree = "<group>"; };
		341996DC21388703008B3EA4 /* ResultsTableViewController.swift */ = {isa = PBXFileReference; fileEncoding = 4; lastKnownFileType = sourcecode.swift; path = ResultsTableViewController.swift; sourceTree = "<group>"; };
/* End PBXFileReference section */

/* Begin PBXFrameworksBuildPhase section */
		3417755E21386F7B00B3BF05 /* Frameworks */ = {
			isa = PBXFrameworksBuildPhase;
			buildActionMask = 2147483647;
			files = (
			);
			runOnlyForDeploymentPostprocessing = 0;
		};
/* End PBXFrameworksBuildPhase section */

/* Begin PBXGroup section */
		3417755821386F7B00B3BF05 = {
			isa = PBXGroup;
			children = (
				3417756321386F7B00B3BF05 /* Poll */,
				3417756221386F7B00B3BF05 /* Products */,
			);
			sourceTree = "<group>";
		};
		3417756221386F7B00B3BF05 /* Products */ = {
			isa = PBXGroup;
			children = (
				3417756121386F7B00B3BF05 /* Poll.app */,
			);
			name = Products;
			sourceTree = "<group>";
		};
		3417756321386F7B00B3BF05 /* Poll */ = {
			isa = PBXGroup;
			children = (
				341775812138736000B3BF05 /* Storyboards */,
				3417758E2138852D00B3BF05 /* View Controllers */,
				341775762138701100B3BF05 /* Vote.swift */,
				341775782138704B00B3BF05 /* VoteController.swift */,
				3417758C2138851800B3BF05 /* VoteControllerProtocol.swift */,
				341775802138732100B3BF05 /* Resources */,
			);
			path = Poll;
			sourceTree = "<group>";
		};
		341775802138732100B3BF05 /* Resources */ = {
			isa = PBXGroup;
			children = (
				3417756421386F7B00B3BF05 /* AppDelegate.swift */,
				3417756B21386F7C00B3BF05 /* Assets.xcassets */,
				3417757021386F7C00B3BF05 /* Info.plist */,
			);
			path = Resources;
			sourceTree = "<group>";
		};
		341775812138736000B3BF05 /* Storyboards */ = {
			isa = PBXGroup;
			children = (
				3417756821386F7B00B3BF05 /* Main.storyboard */,
				3417757A213870F600B3BF05 /* Voting.storyboard */,
				3417757E2138731400B3BF05 /* Results.storyboard */,
				34177584213873DB00B3BF05 /* Combined.storyboard */,
				3417756D21386F7C00B3BF05 /* LaunchScreen.storyboard */,
			);
			path = Storyboards;
			sourceTree = "<group>";
		};
		3417758E2138852D00B3BF05 /* View Controllers */ = {
			isa = PBXGroup;
			children = (
				341996DB21388703008B3EA4 /* CombinedViewController.swift */,
				341996DA21388703008B3EA4 /* PollingTabBarController.swift */,
				341996DC21388703008B3EA4 /* ResultsTableViewController.swift */,
				3417757C2138729700B3BF05 /* VotingViewController.swift */,
			);
			path = "View Controllers";
			sourceTree = "<group>";
		};
/* End PBXGroup section */

/* Begin PBXNativeTarget section */
		3417756021386F7B00B3BF05 /* Poll */ = {
			isa = PBXNativeTarget;
			buildConfigurationList = 3417757321386F7C00B3BF05 /* Build configuration list for PBXNativeTarget "Poll" */;
			buildPhases = (
				3417755D21386F7B00B3BF05 /* Sources */,
				3417755E21386F7B00B3BF05 /* Frameworks */,
				3417755F21386F7B00B3BF05 /* Resources */,
			);
			buildRules = (
			);
			dependencies = (
			);
			name = Poll;
			productName = Poll;
			productReference = 3417756121386F7B00B3BF05 /* Poll.app */;
			productType = "com.apple.product-type.application";
		};
/* End PBXNativeTarget section */

/* Begin PBXProject section */
		3417755921386F7B00B3BF05 /* Project object */ = {
			isa = PBXProject;
			attributes = {
				LastSwiftUpdateCheck = 0940;
				LastUpgradeCheck = 0940;
				ORGANIZATIONNAME = "Dillon McElhinney";
				TargetAttributes = {
					3417756021386F7B00B3BF05 = {
						CreatedOnToolsVersion = 9.4.1;
					};
				};
			};
			buildConfigurationList = 3417755C21386F7B00B3BF05 /* Build configuration list for PBXProject "Poll" */;
			compatibilityVersion = "Xcode 9.3";
			developmentRegion = en;
			hasScannedForEncodings = 0;
			knownRegions = (
				en,
				Base,
			);
			mainGroup = 3417755821386F7B00B3BF05;
			productRefGroup = 3417756221386F7B00B3BF05 /* Products */;
			projectDirPath = "";
			projectRoot = "";
			targets = (
				3417756021386F7B00B3BF05 /* Poll */,
			);
		};
/* End PBXProject section */

/* Begin PBXResourcesBuildPhase section */
		3417755F21386F7B00B3BF05 /* Resources */ = {
			isa = PBXResourcesBuildPhase;
			buildActionMask = 2147483647;
			files = (
				3417756F21386F7C00B3BF05 /* LaunchScreen.storyboard in Resources */,
				3417757F2138731400B3BF05 /* Results.storyboard in Resources */,
				3417756C21386F7C00B3BF05 /* Assets.xcassets in Resources */,
				3417756A21386F7B00B3BF05 /* Main.storyboard in Resources */,
				3417757B213870F600B3BF05 /* Voting.storyboard in Resources */,
				34177585213873DB00B3BF05 /* Combined.storyboard in Resources */,
			);
			runOnlyForDeploymentPostprocessing = 0;
		};
/* End PBXResourcesBuildPhase section */

/* Begin PBXSourcesBuildPhase section */
		3417755D21386F7B00B3BF05 /* Sources */ = {
			isa = PBXSourcesBuildPhase;
			buildActionMask = 2147483647;
			files = (
				341775792138704B00B3BF05 /* VoteController.swift in Sources */,
				341996DD21388703008B3EA4 /* PollingTabBarController.swift in Sources */,
				3417756521386F7B00B3BF05 /* AppDelegate.swift in Sources */,
				341775772138701100B3BF05 /* Vote.swift in Sources */,
				341996DF21388703008B3EA4 /* ResultsTableViewController.swift in Sources */,
				3417758D2138851800B3BF05 /* VoteControllerProtocol.swift in Sources */,
				3417757D2138729700B3BF05 /* VotingViewController.swift in Sources */,
				341996DE21388703008B3EA4 /* CombinedViewController.swift in Sources */,
			);
			runOnlyForDeploymentPostprocessing = 0;
		};
/* End PBXSourcesBuildPhase section */

/* Begin PBXVariantGroup section */
		3417756821386F7B00B3BF05 /* Main.storyboard */ = {
			isa = PBXVariantGroup;
			children = (
				3417756921386F7B00B3BF05 /* Base */,
			);
			name = Main.storyboard;
			sourceTree = "<group>";
		};
		3417756D21386F7C00B3BF05 /* LaunchScreen.storyboard */ = {
			isa = PBXVariantGroup;
			children = (
				3417756E21386F7C00B3BF05 /* Base */,
			);
			name = LaunchScreen.storyboard;
			sourceTree = "<group>";
		};
/* End PBXVariantGroup section */

/* Begin XCBuildConfiguration section */
		3417757121386F7C00B3BF05 /* Debug */ = {
			isa = XCBuildConfiguration;
			buildSettings = {
				ALWAYS_SEARCH_USER_PATHS = NO;
				CLANG_ANALYZER_NONNULL = YES;
				CLANG_ANALYZER_NUMBER_OBJECT_CONVERSION = YES_AGGRESSIVE;
				CLANG_CXX_LANGUAGE_STANDARD = "gnu++14";
				CLANG_CXX_LIBRARY = "libc++";
				CLANG_ENABLE_MODULES = YES;
				CLANG_ENABLE_OBJC_ARC = YES;
				CLANG_ENABLE_OBJC_WEAK = YES;
				CLANG_WARN_BLOCK_CAPTURE_AUTORELEASING = YES;
				CLANG_WARN_BOOL_CONVERSION = YES;
				CLANG_WARN_COMMA = YES;
				CLANG_WARN_CONSTANT_CONVERSION = YES;
				CLANG_WARN_DEPRECATED_OBJC_IMPLEMENTATIONS = YES;
				CLANG_WARN_DIRECT_OBJC_ISA_USAGE = YES_ERROR;
				CLANG_WARN_DOCUMENTATION_COMMENTS = YES;
				CLANG_WARN_EMPTY_BODY = YES;
				CLANG_WARN_ENUM_CONVERSION = YES;
				CLANG_WARN_INFINITE_RECURSION = YES;
				CLANG_WARN_INT_CONVERSION = YES;
				CLANG_WARN_NON_LITERAL_NULL_CONVERSION = YES;
				CLANG_WARN_OBJC_IMPLICIT_RETAIN_SELF = YES;
				CLANG_WARN_OBJC_LITERAL_CONVERSION = YES;
				CLANG_WARN_OBJC_ROOT_CLASS = YES_ERROR;
				CLANG_WARN_RANGE_LOOP_ANALYSIS = YES;
				CLANG_WARN_STRICT_PROTOTYPES = YES;
				CLANG_WARN_SUSPICIOUS_MOVE = YES;
				CLANG_WARN_UNGUARDED_AVAILABILITY = YES_AGGRESSIVE;
				CLANG_WARN_UNREACHABLE_CODE = YES;
				CLANG_WARN__DUPLICATE_METHOD_MATCH = YES;
				CODE_SIGN_IDENTITY = "iPhone Developer";
				COPY_PHASE_STRIP = NO;
				DEBUG_INFORMATION_FORMAT = dwarf;
				ENABLE_STRICT_OBJC_MSGSEND = YES;
				ENABLE_TESTABILITY = YES;
				GCC_C_LANGUAGE_STANDARD = gnu11;
				GCC_DYNAMIC_NO_PIC = NO;
				GCC_NO_COMMON_BLOCKS = YES;
				GCC_OPTIMIZATION_LEVEL = 0;
				GCC_PREPROCESSOR_DEFINITIONS = (
					"DEBUG=1",
					"$(inherited)",
				);
				GCC_WARN_64_TO_32_BIT_CONVERSION = YES;
				GCC_WARN_ABOUT_RETURN_TYPE = YES_ERROR;
				GCC_WARN_UNDECLARED_SELECTOR = YES;
				GCC_WARN_UNINITIALIZED_AUTOS = YES_AGGRESSIVE;
				GCC_WARN_UNUSED_FUNCTION = YES;
				GCC_WARN_UNUSED_VARIABLE = YES;
				IPHONEOS_DEPLOYMENT_TARGET = 11.4;
				MTL_ENABLE_DEBUG_INFO = YES;
				ONLY_ACTIVE_ARCH = YES;
				SDKROOT = iphoneos;
				SWIFT_ACTIVE_COMPILATION_CONDITIONS = DEBUG;
				SWIFT_OPTIMIZATION_LEVEL = "-Onone";
			};
			name = Debug;
		};
		3417757221386F7C00B3BF05 /* Release */ = {
			isa = XCBuildConfiguration;
			buildSettings = {
				ALWAYS_SEARCH_USER_PATHS = NO;
				CLANG_ANALYZER_NONNULL = YES;
				CLANG_ANALYZER_NUMBER_OBJECT_CONVERSION = YES_AGGRESSIVE;
				CLANG_CXX_LANGUAGE_STANDARD = "gnu++14";
				CLANG_CXX_LIBRARY = "libc++";
				CLANG_ENABLE_MODULES = YES;
				CLANG_ENABLE_OBJC_ARC = YES;
				CLANG_ENABLE_OBJC_WEAK = YES;
				CLANG_WARN_BLOCK_CAPTURE_AUTORELEASING = YES;
				CLANG_WARN_BOOL_CONVERSION = YES;
				CLANG_WARN_COMMA = YES;
				CLANG_WARN_CONSTANT_CONVERSION = YES;
				CLANG_WARN_DEPRECATED_OBJC_IMPLEMENTATIONS = YES;
				CLANG_WARN_DIRECT_OBJC_ISA_USAGE = YES_ERROR;
				CLANG_WARN_DOCUMENTATION_COMMENTS = YES;
				CLANG_WARN_EMPTY_BODY = YES;
				CLANG_WARN_ENUM_CONVERSION = YES;
				CLANG_WARN_INFINITE_RECURSION = YES;
				CLANG_WARN_INT_CONVERSION = YES;
				CLANG_WARN_NON_LITERAL_NULL_CONVERSION = YES;
				CLANG_WARN_OBJC_IMPLICIT_RETAIN_SELF = YES;
				CLANG_WARN_OBJC_LITERAL_CONVERSION = YES;
				CLANG_WARN_OBJC_ROOT_CLASS = YES_ERROR;
				CLANG_WARN_RANGE_LOOP_ANALYSIS = YES;
				CLANG_WARN_STRICT_PROTOTYPES = YES;
				CLANG_WARN_SUSPICIOUS_MOVE = YES;
				CLANG_WARN_UNGUARDED_AVAILABILITY = YES_AGGRESSIVE;
				CLANG_WARN_UNREACHABLE_CODE = YES;
				CLANG_WARN__DUPLICATE_METHOD_MATCH = YES;
				CODE_SIGN_IDENTITY = "iPhone Developer";
				COPY_PHASE_STRIP = NO;
				DEBUG_INFORMATION_FORMAT = "dwarf-with-dsym";
				ENABLE_NS_ASSERTIONS = NO;
				ENABLE_STRICT_OBJC_MSGSEND = YES;
				GCC_C_LANGUAGE_STANDARD = gnu11;
				GCC_NO_COMMON_BLOCKS = YES;
				GCC_WARN_64_TO_32_BIT_CONVERSION = YES;
				GCC_WARN_ABOUT_RETURN_TYPE = YES_ERROR;
				GCC_WARN_UNDECLARED_SELECTOR = YES;
				GCC_WARN_UNINITIALIZED_AUTOS = YES_AGGRESSIVE;
				GCC_WARN_UNUSED_FUNCTION = YES;
				GCC_WARN_UNUSED_VARIABLE = YES;
				IPHONEOS_DEPLOYMENT_TARGET = 11.4;
				MTL_ENABLE_DEBUG_INFO = NO;
				SDKROOT = iphoneos;
				SWIFT_COMPILATION_MODE = wholemodule;
				SWIFT_OPTIMIZATION_LEVEL = "-O";
				VALIDATE_PRODUCT = YES;
			};
			name = Release;
		};
		3417757421386F7C00B3BF05 /* Debug */ = {
			isa = XCBuildConfiguration;
			buildSettings = {
				ASSETCATALOG_COMPILER_APPICON_NAME = AppIcon;
				CODE_SIGN_STYLE = Automatic;
				DEVELOPMENT_TEAM = 2SS9AYZ8LT;
				INFOPLIST_FILE = "$(SRCROOT)/Poll/Resources/Info.plist";
				LD_RUNPATH_SEARCH_PATHS = (
					"$(inherited)",
					"@executable_path/Frameworks",
				);
				PRODUCT_BUNDLE_IDENTIFIER = com.dillonmcelhinney.Poll;
				PRODUCT_NAME = "$(TARGET_NAME)";
				SWIFT_VERSION = 4.0;
				TARGETED_DEVICE_FAMILY = "1,2";
			};
			name = Debug;
		};
		3417757521386F7C00B3BF05 /* Release */ = {
			isa = XCBuildConfiguration;
			buildSettings = {
				ASSETCATALOG_COMPILER_APPICON_NAME = AppIcon;
				CODE_SIGN_STYLE = Automatic;
				DEVELOPMENT_TEAM = 2SS9AYZ8LT;
				INFOPLIST_FILE = "$(SRCROOT)/Poll/Resources/Info.plist";
				LD_RUNPATH_SEARCH_PATHS = (
					"$(inherited)",
					"@executable_path/Frameworks",
				);
				PRODUCT_BUNDLE_IDENTIFIER = com.dillonmcelhinney.Poll;
				PRODUCT_NAME = "$(TARGET_NAME)";
				SWIFT_VERSION = 4.0;
				TARGETED_DEVICE_FAMILY = "1,2";
			};
			name = Release;
		};
/* End XCBuildConfiguration section */

/* Begin XCConfigurationList section */
		3417755C21386F7B00B3BF05 /* Build configuration list for PBXProject "Poll" */ = {
			isa = XCConfigurationList;
			buildConfigurations = (
				3417757121386F7C00B3BF05 /* Debug */,
				3417757221386F7C00B3BF05 /* Release */,
			);
			defaultConfigurationIsVisible = 0;
			defaultConfigurationName = Release;
		};
		3417757321386F7C00B3BF05 /* Build configuration list for PBXNativeTarget "Poll" */ = {
			isa = XCConfigurationList;
			buildConfigurations = (
				3417757421386F7C00B3BF05 /* Debug */,
				3417757521386F7C00B3BF05 /* Release */,
			);
			defaultConfigurationIsVisible = 0;
			defaultConfigurationName = Release;
		};
/* End XCConfigurationList section */
	};
	rootObject = 3417755921386F7B00B3BF05 /* Project object */;
}
