// !$*UTF8*$!
{
	archiveVersion = 1;
	classes = {
	};
	objectVersion = 50;
	objects = {

/* Begin PBXBuildFile section */
		D83B0132213894E600BB8A64 /* AppDelegate.swift in Sources */ = {isa = PBXBuildFile; fileRef = D83B0131213894E600BB8A64 /* AppDelegate.swift */; };
		D83B0137213894E600BB8A64 /* Main.storyboard in Resources */ = {isa = PBXBuildFile; fileRef = D83B0135213894E600BB8A64 /* Main.storyboard */; };
		D83B0139213894E700BB8A64 /* Assets.xcassets in Resources */ = {isa = PBXBuildFile; fileRef = D83B0138213894E700BB8A64 /* Assets.xcassets */; };
		D83B013C213894E700BB8A64 /* LaunchScreen.storyboard in Resources */ = {isa = PBXBuildFile; fileRef = D83B013A213894E700BB8A64 /* LaunchScreen.storyboard */; };
		D83B01462138953200BB8A64 /* Vote.swift in Sources */ = {isa = PBXBuildFile; fileRef = D83B01452138953200BB8A64 /* Vote.swift */; };
		D83B01482138968A00BB8A64 /* VoteController.swift in Sources */ = {isa = PBXBuildFile; fileRef = D83B01472138968A00BB8A64 /* VoteController.swift */; };
		D83B014A21389B6100BB8A64 /* Voting.storyboard in Resources */ = {isa = PBXBuildFile; fileRef = D83B014921389B6100BB8A64 /* Voting.storyboard */; };
		D83B014C21389C3900BB8A64 /* VotingViewController.swift in Sources */ = {isa = PBXBuildFile; fileRef = D83B014B21389C3900BB8A64 /* VotingViewController.swift */; };
		D83B014E21389CC600BB8A64 /* Results.storyboard in Resources */ = {isa = PBXBuildFile; fileRef = D83B014D21389CC600BB8A64 /* Results.storyboard */; };
		D83B015021389D6B00BB8A64 /* ResultsTableViewController.swift in Sources */ = {isa = PBXBuildFile; fileRef = D83B014F21389D6B00BB8A64 /* ResultsTableViewController.swift */; };
		D83B015221389D9400BB8A64 /* Combined.storyboard in Resources */ = {isa = PBXBuildFile; fileRef = D83B015121389D9400BB8A64 /* Combined.storyboard */; };
		D83B015421389E7000BB8A64 /* CombinedViewController.swift in Sources */ = {isa = PBXBuildFile; fileRef = D83B015321389E7000BB8A64 /* CombinedViewController.swift */; };
		D83B015621389F7300BB8A64 /* PollingTabBarViewController.swift in Sources */ = {isa = PBXBuildFile; fileRef = D83B015521389F7300BB8A64 /* PollingTabBarViewController.swift */; };
		D83B015821389FE600BB8A64 /* VoteControllerProtocol.swift in Sources */ = {isa = PBXBuildFile; fileRef = D83B015721389FE600BB8A64 /* VoteControllerProtocol.swift */; };
/* End PBXBuildFile section */

/* Begin PBXFileReference section */
		D83B012E213894E600BB8A64 /* Poll.app */ = {isa = PBXFileReference; explicitFileType = wrapper.application; includeInIndex = 0; path = Poll.app; sourceTree = BUILT_PRODUCTS_DIR; };
		D83B0131213894E600BB8A64 /* AppDelegate.swift */ = {isa = PBXFileReference; lastKnownFileType = sourcecode.swift; path = AppDelegate.swift; sourceTree = "<group>"; };
		D83B0136213894E600BB8A64 /* Base */ = {isa = PBXFileReference; lastKnownFileType = file.storyboard; name = Base; path = Base.lproj/Main.storyboard; sourceTree = "<group>"; };
		D83B0138213894E700BB8A64 /* Assets.xcassets */ = {isa = PBXFileReference; lastKnownFileType = folder.assetcatalog; path = Assets.xcassets; sourceTree = "<group>"; };
		D83B013B213894E700BB8A64 /* Base */ = {isa = PBXFileReference; lastKnownFileType = file.storyboard; name = Base; path = Base.lproj/LaunchScreen.storyboard; sourceTree = "<group>"; };
		D83B013D213894E700BB8A64 /* Info.plist */ = {isa = PBXFileReference; lastKnownFileType = text.plist.xml; path = Info.plist; sourceTree = "<group>"; };
		D83B01452138953200BB8A64 /* Vote.swift */ = {isa = PBXFileReference; lastKnownFileType = sourcecode.swift; path = Vote.swift; sourceTree = "<group>"; };
		D83B01472138968A00BB8A64 /* VoteController.swift */ = {isa = PBXFileReference; lastKnownFileType = sourcecode.swift; path = VoteController.swift; sourceTree = "<group>"; };
		D83B014921389B6100BB8A64 /* Voting.storyboard */ = {isa = PBXFileReference; lastKnownFileType = file.storyboard; path = Voting.storyboard; sourceTree = "<group>"; };
		D83B014B21389C3900BB8A64 /* VotingViewController.swift */ = {isa = PBXFileReference; lastKnownFileType = sourcecode.swift; path = VotingViewController.swift; sourceTree = "<group>"; };
		D83B014D21389CC600BB8A64 /* Results.storyboard */ = {isa = PBXFileReference; lastKnownFileType = file.storyboard; path = Results.storyboard; sourceTree = "<group>"; };
		D83B014F21389D6B00BB8A64 /* ResultsTableViewController.swift */ = {isa = PBXFileReference; lastKnownFileType = sourcecode.swift; path = ResultsTableViewController.swift; sourceTree = "<group>"; };
		D83B015121389D9400BB8A64 /* Combined.storyboard */ = {isa = PBXFileReference; lastKnownFileType = file.storyboard; path = Combined.storyboard; sourceTree = "<group>"; };
		D83B015321389E7000BB8A64 /* CombinedViewController.swift */ = {isa = PBXFileReference; lastKnownFileType = sourcecode.swift; path = CombinedViewController.swift; sourceTree = "<group>"; };
		D83B015521389F7300BB8A64 /* PollingTabBarViewController.swift */ = {isa = PBXFileReference; lastKnownFileType = sourcecode.swift; path = PollingTabBarViewController.swift; sourceTree = "<group>"; };
		D83B015721389FE600BB8A64 /* VoteControllerProtocol.swift */ = {isa = PBXFileReference; lastKnownFileType = sourcecode.swift; path = VoteControllerProtocol.swift; sourceTree = "<group>"; };
/* End PBXFileReference section */

/* Begin PBXFrameworksBuildPhase section */
		D83B012B213894E600BB8A64 /* Frameworks */ = {
			isa = PBXFrameworksBuildPhase;
			buildActionMask = 2147483647;
			files = (
			);
			runOnlyForDeploymentPostprocessing = 0;
		};
/* End PBXFrameworksBuildPhase section */

/* Begin PBXGroup section */
		D83B0125213894E500BB8A64 = {
			isa = PBXGroup;
			children = (
				D83B0130213894E600BB8A64 /* Poll */,
				D83B012F213894E600BB8A64 /* Products */,
			);
			sourceTree = "<group>";
		};
		D83B012F213894E600BB8A64 /* Products */ = {
			isa = PBXGroup;
			children = (
				D83B012E213894E600BB8A64 /* Poll.app */,
			);
			name = Products;
			sourceTree = "<group>";
		};
		D83B0130213894E600BB8A64 /* Poll */ = {
			isa = PBXGroup;
			children = (
				D83B014B21389C3900BB8A64 /* VotingViewController.swift */,
				D83B01452138953200BB8A64 /* Vote.swift */,
				D83B01472138968A00BB8A64 /* VoteController.swift */,
				D83B0131213894E600BB8A64 /* AppDelegate.swift */,
				D83B0135213894E600BB8A64 /* Main.storyboard */,
				D83B015521389F7300BB8A64 /* PollingTabBarViewController.swift */,
				D83B015721389FE600BB8A64 /* VoteControllerProtocol.swift */,
				D83B014921389B6100BB8A64 /* Voting.storyboard */,
				D83B014D21389CC600BB8A64 /* Results.storyboard */,
				D83B015121389D9400BB8A64 /* Combined.storyboard */,
				D83B015321389E7000BB8A64 /* CombinedViewController.swift */,
				D83B014F21389D6B00BB8A64 /* ResultsTableViewController.swift */,
				D83B0138213894E700BB8A64 /* Assets.xcassets */,
				D83B013A213894E700BB8A64 /* LaunchScreen.storyboard */,
				D83B013D213894E700BB8A64 /* Info.plist */,
			);
			path = Poll;
			sourceTree = "<group>";
		};
/* End PBXGroup section */

/* Begin PBXNativeTarget section */
		D83B012D213894E600BB8A64 /* Poll */ = {
			isa = PBXNativeTarget;
			buildConfigurationList = D83B0140213894E700BB8A64 /* Build configuration list for PBXNativeTarget "Poll" */;
			buildPhases = (
				D83B012A213894E600BB8A64 /* Sources */,
				D83B012B213894E600BB8A64 /* Frameworks */,
				D83B012C213894E600BB8A64 /* Resources */,
			);
			buildRules = (
			);
			dependencies = (
			);
			name = Poll;
			productName = Poll;
			productReference = D83B012E213894E600BB8A64 /* Poll.app */;
			productType = "com.apple.product-type.application";
		};
/* End PBXNativeTarget section */

/* Begin PBXProject section */
		D83B0126213894E500BB8A64 /* Project object */ = {
			isa = PBXProject;
			attributes = {
				LastSwiftUpdateCheck = 0940;
				LastUpgradeCheck = 0940;
				ORGANIZATIONNAME = Farhan;
				TargetAttributes = {
					D83B012D213894E600BB8A64 = {
						CreatedOnToolsVersion = 9.4.1;
					};
				};
			};
			buildConfigurationList = D83B0129213894E500BB8A64 /* Build configuration list for PBXProject "Poll" */;
			compatibilityVersion = "Xcode 9.3";
			developmentRegion = en;
			hasScannedForEncodings = 0;
			knownRegions = (
				en,
				Base,
			);
			mainGroup = D83B0125213894E500BB8A64;
			productRefGroup = D83B012F213894E600BB8A64 /* Products */;
			projectDirPath = "";
			projectRoot = "";
			targets = (
				D83B012D213894E600BB8A64 /* Poll */,
			);
		};
/* End PBXProject section */

/* Begin PBXResourcesBuildPhase section */
		D83B012C213894E600BB8A64 /* Resources */ = {
			isa = PBXResourcesBuildPhase;
			buildActionMask = 2147483647;
			files = (
				D83B013C213894E700BB8A64 /* LaunchScreen.storyboard in Resources */,
				D83B014E21389CC600BB8A64 /* Results.storyboard in Resources */,
				D83B0139213894E700BB8A64 /* Assets.xcassets in Resources */,
				D83B0137213894E600BB8A64 /* Main.storyboard in Resources */,
				D83B014A21389B6100BB8A64 /* Voting.storyboard in Resources */,
				D83B015221389D9400BB8A64 /* Combined.storyboard in Resources */,
			);
			runOnlyForDeploymentPostprocessing = 0;
		};
/* End PBXResourcesBuildPhase section */

/* Begin PBXSourcesBuildPhase section */
		D83B012A213894E600BB8A64 /* Sources */ = {
			isa = PBXSourcesBuildPhase;
			buildActionMask = 2147483647;
			files = (
				D83B01482138968A00BB8A64 /* VoteController.swift in Sources */,
				D83B01462138953200BB8A64 /* Vote.swift in Sources */,
				D83B0132213894E600BB8A64 /* AppDelegate.swift in Sources */,
				D83B015821389FE600BB8A64 /* VoteControllerProtocol.swift in Sources */,
				D83B014C21389C3900BB8A64 /* VotingViewController.swift in Sources */,
				D83B015021389D6B00BB8A64 /* ResultsTableViewController.swift in Sources */,
				D83B015421389E7000BB8A64 /* CombinedViewController.swift in Sources */,
				D83B015621389F7300BB8A64 /* PollingTabBarViewController.swift in Sources */,
			);
			runOnlyForDeploymentPostprocessing = 0;
		};
/* End PBXSourcesBuildPhase section */

/* Begin PBXVariantGroup section */
		D83B0135213894E600BB8A64 /* Main.storyboard */ = {
			isa = PBXVariantGroup;
			children = (
				D83B0136213894E600BB8A64 /* Base */,
			);
			name = Main.storyboard;
			sourceTree = "<group>";
		};
		D83B013A213894E700BB8A64 /* LaunchScreen.storyboard */ = {
			isa = PBXVariantGroup;
			children = (
				D83B013B213894E700BB8A64 /* Base */,
			);
			name = LaunchScreen.storyboard;
			sourceTree = "<group>";
		};
/* End PBXVariantGroup section */

/* Begin XCBuildConfiguration section */
		D83B013E213894E700BB8A64 /* Debug */ = {
			isa = XCBuildConfiguration;
			buildSettings = {
				ALWAYS_SEARCH_USER_PATHS = NO;
				CLANG_ANALYZER_NONNULL = YES;
				CLANG_ANALYZER_NUMBER_OBJECT_CONVERSION = YES_AGGRESSIVE;
				CLANG_CXX_LANGUAGE_STANDARD = "gnu++14";
				CLANG_CXX_LIBRARY = "libc++";
				CLANG_ENABLE_MODULES = YES;
				CLANG_ENABLE_OBJC_ARC = YES;
				CLANG_ENABLE_OBJC_WEAK = YES;
				CLANG_WARN_BLOCK_CAPTURE_AUTORELEASING = YES;
				CLANG_WARN_BOOL_CONVERSION = YES;
				CLANG_WARN_COMMA = YES;
				CLANG_WARN_CONSTANT_CONVERSION = YES;
				CLANG_WARN_DEPRECATED_OBJC_IMPLEMENTATIONS = YES;
				CLANG_WARN_DIRECT_OBJC_ISA_USAGE = YES_ERROR;
				CLANG_WARN_DOCUMENTATION_COMMENTS = YES;
				CLANG_WARN_EMPTY_BODY = YES;
				CLANG_WARN_ENUM_CONVERSION = YES;
				CLANG_WARN_INFINITE_RECURSION = YES;
				CLANG_WARN_INT_CONVERSION = YES;
				CLANG_WARN_NON_LITERAL_NULL_CONVERSION = YES;
				CLANG_WARN_OBJC_IMPLICIT_RETAIN_SELF = YES;
				CLANG_WARN_OBJC_LITERAL_CONVERSION = YES;
				CLANG_WARN_OBJC_ROOT_CLASS = YES_ERROR;
				CLANG_WARN_RANGE_LOOP_ANALYSIS = YES;
				CLANG_WARN_STRICT_PROTOTYPES = YES;
				CLANG_WARN_SUSPICIOUS_MOVE = YES;
				CLANG_WARN_UNGUARDED_AVAILABILITY = YES_AGGRESSIVE;
				CLANG_WARN_UNREACHABLE_CODE = YES;
				CLANG_WARN__DUPLICATE_METHOD_MATCH = YES;
				CODE_SIGN_IDENTITY = "iPhone Developer";
				COPY_PHASE_STRIP = NO;
				DEBUG_INFORMATION_FORMAT = dwarf;
				ENABLE_STRICT_OBJC_MSGSEND = YES;
				ENABLE_TESTABILITY = YES;
				GCC_C_LANGUAGE_STANDARD = gnu11;
				GCC_DYNAMIC_NO_PIC = NO;
				GCC_NO_COMMON_BLOCKS = YES;
				GCC_OPTIMIZATION_LEVEL = 0;
				GCC_PREPROCESSOR_DEFINITIONS = (
					"DEBUG=1",
					"$(inherited)",
				);
				GCC_WARN_64_TO_32_BIT_CONVERSION = YES;
				GCC_WARN_ABOUT_RETURN_TYPE = YES_ERROR;
				GCC_WARN_UNDECLARED_SELECTOR = YES;
				GCC_WARN_UNINITIALIZED_AUTOS = YES_AGGRESSIVE;
				GCC_WARN_UNUSED_FUNCTION = YES;
				GCC_WARN_UNUSED_VARIABLE = YES;
				IPHONEOS_DEPLOYMENT_TARGET = 11.4;
				MTL_ENABLE_DEBUG_INFO = YES;
				ONLY_ACTIVE_ARCH = YES;
				SDKROOT = iphoneos;
				SWIFT_ACTIVE_COMPILATION_CONDITIONS = DEBUG;
				SWIFT_OPTIMIZATION_LEVEL = "-Onone";
			};
			name = Debug;
		};
		D83B013F213894E700BB8A64 /* Release */ = {
			isa = XCBuildConfiguration;
			buildSettings = {
				ALWAYS_SEARCH_USER_PATHS = NO;
				CLANG_ANALYZER_NONNULL = YES;
				CLANG_ANALYZER_NUMBER_OBJECT_CONVERSION = YES_AGGRESSIVE;
				CLANG_CXX_LANGUAGE_STANDARD = "gnu++14";
				CLANG_CXX_LIBRARY = "libc++";
				CLANG_ENABLE_MODULES = YES;
				CLANG_ENABLE_OBJC_ARC = YES;
				CLANG_ENABLE_OBJC_WEAK = YES;
				CLANG_WARN_BLOCK_CAPTURE_AUTORELEASING = YES;
				CLANG_WARN_BOOL_CONVERSION = YES;
				CLANG_WARN_COMMA = YES;
				CLANG_WARN_CONSTANT_CONVERSION = YES;
				CLANG_WARN_DEPRECATED_OBJC_IMPLEMENTATIONS = YES;
				CLANG_WARN_DIRECT_OBJC_ISA_USAGE = YES_ERROR;
				CLANG_WARN_DOCUMENTATION_COMMENTS = YES;
				CLANG_WARN_EMPTY_BODY = YES;
				CLANG_WARN_ENUM_CONVERSION = YES;
				CLANG_WARN_INFINITE_RECURSION = YES;
				CLANG_WARN_INT_CONVERSION = YES;
				CLANG_WARN_NON_LITERAL_NULL_CONVERSION = YES;
				CLANG_WARN_OBJC_IMPLICIT_RETAIN_SELF = YES;
				CLANG_WARN_OBJC_LITERAL_CONVERSION = YES;
				CLANG_WARN_OBJC_ROOT_CLASS = YES_ERROR;
				CLANG_WARN_RANGE_LOOP_ANALYSIS = YES;
				CLANG_WARN_STRICT_PROTOTYPES = YES;
				CLANG_WARN_SUSPICIOUS_MOVE = YES;
				CLANG_WARN_UNGUARDED_AVAILABILITY = YES_AGGRESSIVE;
				CLANG_WARN_UNREACHABLE_CODE = YES;
				CLANG_WARN__DUPLICATE_METHOD_MATCH = YES;
				CODE_SIGN_IDENTITY = "iPhone Developer";
				COPY_PHASE_STRIP = NO;
				DEBUG_INFORMATION_FORMAT = "dwarf-with-dsym";
				ENABLE_NS_ASSERTIONS = NO;
				ENABLE_STRICT_OBJC_MSGSEND = YES;
				GCC_C_LANGUAGE_STANDARD = gnu11;
				GCC_NO_COMMON_BLOCKS = YES;
				GCC_WARN_64_TO_32_BIT_CONVERSION = YES;
				GCC_WARN_ABOUT_RETURN_TYPE = YES_ERROR;
				GCC_WARN_UNDECLARED_SELECTOR = YES;
				GCC_WARN_UNINITIALIZED_AUTOS = YES_AGGRESSIVE;
				GCC_WARN_UNUSED_FUNCTION = YES;
				GCC_WARN_UNUSED_VARIABLE = YES;
				IPHONEOS_DEPLOYMENT_TARGET = 11.4;
				MTL_ENABLE_DEBUG_INFO = NO;
				SDKROOT = iphoneos;
				SWIFT_COMPILATION_MODE = wholemodule;
				SWIFT_OPTIMIZATION_LEVEL = "-O";
				VALIDATE_PRODUCT = YES;
			};
			name = Release;
		};
		D83B0141213894E700BB8A64 /* Debug */ = {
			isa = XCBuildConfiguration;
			buildSettings = {
				ASSETCATALOG_COMPILER_APPICON_NAME = AppIcon;
				CODE_SIGN_STYLE = Automatic;
				DEVELOPMENT_TEAM = 9AL899TPVP;
				INFOPLIST_FILE = Poll/Info.plist;
				IPHONEOS_DEPLOYMENT_TARGET = 11.0;
				LD_RUNPATH_SEARCH_PATHS = (
					"$(inherited)",
					"@executable_path/Frameworks",
				);
				PRODUCT_BUNDLE_IDENTIFIER = farhanf.Poll;
				PRODUCT_NAME = "$(TARGET_NAME)";
				SWIFT_VERSION = 4.0;
				TARGETED_DEVICE_FAMILY = "1,2";
			};
			name = Debug;
		};
		D83B0142213894E700BB8A64 /* Release */ = {
			isa = XCBuildConfiguration;
			buildSettings = {
				ASSETCATALOG_COMPILER_APPICON_NAME = AppIcon;
				CODE_SIGN_STYLE = Automatic;
				DEVELOPMENT_TEAM = 9AL899TPVP;
				INFOPLIST_FILE = Poll/Info.plist;
				IPHONEOS_DEPLOYMENT_TARGET = 11.0;
				LD_RUNPATH_SEARCH_PATHS = (
					"$(inherited)",
					"@executable_path/Frameworks",
				);
				PRODUCT_BUNDLE_IDENTIFIER = farhanf.Poll;
				PRODUCT_NAME = "$(TARGET_NAME)";
				SWIFT_VERSION = 4.0;
				TARGETED_DEVICE_FAMILY = "1,2";
			};
			name = Release;
		};
/* End XCBuildConfiguration section */

/* Begin XCConfigurationList section */
		D83B0129213894E500BB8A64 /* Build configuration list for PBXProject "Poll" */ = {
			isa = XCConfigurationList;
			buildConfigurations = (
				D83B013E213894E700BB8A64 /* Debug */,
				D83B013F213894E700BB8A64 /* Release */,
			);
			defaultConfigurationIsVisible = 0;
			defaultConfigurationName = Release;
		};
		D83B0140213894E700BB8A64 /* Build configuration list for PBXNativeTarget "Poll" */ = {
			isa = XCConfigurationList;
			buildConfigurations = (
				D83B0141213894E700BB8A64 /* Debug */,
				D83B0142213894E700BB8A64 /* Release */,
			);
			defaultConfigurationIsVisible = 0;
			defaultConfigurationName = Release;
		};
/* End XCConfigurationList section */
	};
	rootObject = D83B0126213894E500BB8A64 /* Project object */;
}
